{
  "name": "bazaar-figma-integration",
  "version": "1.0.0",
  "lockfileVersion": 3,
  "requires": true,
  "packages": {
    "": {
      "name": "bazaar-figma-integration",
      "version": "1.0.0",
      "dependencies": {
        "@figma/plugin-typings": "^1.82.0"
      },
      "devDependencies": {
        "typescript": "^5.3.3"
      }
    },
    "node_modules/@figma/plugin-typings": {
      "version": "1.109.0",
      "license": "MIT License"
    },
    "node_modules/typescript": {
      "version": "5.8.2",
      "dev": true,
      "license": "Apache-2.0",
      "bin": {
        "tsc": "bin/tsc",
        "tsserver": "bin/tsserver"
      },
      "engines": {
        "node": ">=14.17"
      }
    }
  }
}
